
Microsoft Visual Studio Solution File, Format Version 12.00
# Visual Studio Version 16
VisualStudioVersion = 16.0.31205.134
MinimumVisualStudioVersion = 10.0.40219.1
Project("{2150E333-8FDC-42A3-9474-1A3956D46DE8}") = "Src", "Src", "{9BB47B81-C7CA-453D-9F39-AFCB956AD9F0}"
EndProject
Project("{2150E333-8FDC-42A3-9474-1A3956D46DE8}") = "Services", "Services", "{57ECC2E0-B282-4537-A5C5-A0E1704CB567}"
EndProject
Project("{2150E333-8FDC-42A3-9474-1A3956D46DE8}") = "GameService", "GameService", "{38D28C24-E300-4DC3-BFC4-015664DD7AE7}"
EndProject
Project("{2150E333-8FDC-42A3-9474-1A3956D46DE8}") = "Api", "Api", "{E65EE546-2AB9-4D96-AD4E-6302810EE182}"
EndProject
Project("{2150E333-8FDC-42A3-9474-1A3956D46DE8}") = "Application", "Application", "{EF2F7599-278E-454F-B905-2E1E4EAEC3B0}"
EndProject
Project("{2150E333-8FDC-42A3-9474-1A3956D46DE8}") = "Domain", "Domain", "{D406F96A-B713-4219-8606-5A60089C4976}"
EndProject
Project("{2150E333-8FDC-42A3-9474-1A3956D46DE8}") = "Infrastructure", "Infrastructure", "{11120EEC-AC80-4B97-B312-1FE17BC64DD9}"
EndProject
Project("{2150E333-8FDC-42A3-9474-1A3956D46DE8}") = "Tests", "Tests", "{1EE1D0F8-1704-4610-A330-636E04F9A8A5}"
EndProject
Project("{FAE04EC0-301F-11D3-BF4B-00C04F79EFBC}") = "GameService.Shared", "Src\Services\GameService\GameService.Shared\GameService.Shared.csproj", "{800D3909-EE5F-496A-8042-0C0283066C4F}"
EndProject
Project("{FAE04EC0-301F-11D3-BF4B-00C04F79EFBC}") = "GameService.Api", "Src\Services\GameService\GameService.Api\GameService.Api.csproj", "{4E39492C-2904-47DA-A55C-F3428FA01ADB}"
EndProject
Project("{FAE04EC0-301F-11D3-BF4B-00C04F79EFBC}") = "GameService.Api.Model", "Src\Services\GameService\GameService.Api.Model\GameService.Api.Model.csproj", "{A43A52C0-9AAB-4E33-81F9-E8BF2D769253}"
EndProject
Project("{FAE04EC0-301F-11D3-BF4B-00C04F79EFBC}") = "GameService.Application", "Src\Services\GameService\GameService.Application\GameService.Application.csproj", "{773D423E-8F27-404B-A0C3-ABF5C3219361}"
EndProject
Project("{FAE04EC0-301F-11D3-BF4B-00C04F79EFBC}") = "GameService.Domain", "Src\Services\GameService\GameService.Domain\GameService.Domain.csproj", "{AD5D4868-E042-49C7-B8DD-2DAB244E6E97}"
EndProject
Project("{FAE04EC0-301F-11D3-BF4B-00C04F79EFBC}") = "GameService.Infrastructure", "Src\Services\GameService\GameService.Infrastructure\GameService.Infrastructure.csproj", "{F0FAD31A-7A88-4ECE-B0C6-0C4F873DCB6A}"
EndProject
Project("{FAE04EC0-301F-11D3-BF4B-00C04F79EFBC}") = "GameService.UnitTests", "Src\Services\GameService\GameService.UnitTests\GameService.UnitTests.csproj", "{103E31C5-96A7-4903-AD6D-E1030486406E}"
EndProject
Project("{FAE04EC0-301F-11D3-BF4B-00C04F79EFBC}") = "GameService.IntegrationTests", "Src\Services\GameService\GameService.IntegrationTests\GameService.IntegrationTests.csproj", "{EB006E27-ABD2-4A5A-B08C-BFB2403C1272}"
EndProject
Global
	GlobalSection(SolutionConfigurationPlatforms) = preSolution
		Debug|Any CPU = Debug|Any CPU
		Release|Any CPU = Release|Any CPU
	EndGlobalSection
	GlobalSection(ProjectConfigurationPlatforms) = postSolution
		{800D3909-EE5F-496A-8042-0C0283066C4F}.Debug|Any CPU.ActiveCfg = Debug|Any CPU
		{800D3909-EE5F-496A-8042-0C0283066C4F}.Debug|Any CPU.Build.0 = Debug|Any CPU
		{800D3909-EE5F-496A-8042-0C0283066C4F}.Release|Any CPU.ActiveCfg = Release|Any CPU
		{800D3909-EE5F-496A-8042-0C0283066C4F}.Release|Any CPU.Build.0 = Release|Any CPU
		{4E39492C-2904-47DA-A55C-F3428FA01ADB}.Debug|Any CPU.ActiveCfg = Debug|Any CPU
		{4E39492C-2904-47DA-A55C-F3428FA01ADB}.Debug|Any CPU.Build.0 = Debug|Any CPU
		{4E39492C-2904-47DA-A55C-F3428FA01ADB}.Release|Any CPU.ActiveCfg = Release|Any CPU
		{4E39492C-2904-47DA-A55C-F3428FA01ADB}.Release|Any CPU.Build.0 = Release|Any CPU
		{A43A52C0-9AAB-4E33-81F9-E8BF2D769253}.Debug|Any CPU.ActiveCfg = Debug|Any CPU
		{A43A52C0-9AAB-4E33-81F9-E8BF2D769253}.Debug|Any CPU.Build.0 = Debug|Any CPU
		{A43A52C0-9AAB-4E33-81F9-E8BF2D769253}.Release|Any CPU.ActiveCfg = Release|Any CPU
		{A43A52C0-9AAB-4E33-81F9-E8BF2D769253}.Release|Any CPU.Build.0 = Release|Any CPU
		{773D423E-8F27-404B-A0C3-ABF5C3219361}.Debug|Any CPU.ActiveCfg = Debug|Any CPU
		{773D423E-8F27-404B-A0C3-ABF5C3219361}.Debug|Any CPU.Build.0 = Debug|Any CPU
		{773D423E-8F27-404B-A0C3-ABF5C3219361}.Release|Any CPU.ActiveCfg = Release|Any CPU
		{773D423E-8F27-404B-A0C3-ABF5C3219361}.Release|Any CPU.Build.0 = Release|Any CPU
		{AD5D4868-E042-49C7-B8DD-2DAB244E6E97}.Debug|Any CPU.ActiveCfg = Debug|Any CPU
		{AD5D4868-E042-49C7-B8DD-2DAB244E6E97}.Debug|Any CPU.Build.0 = Debug|Any CPU
		{AD5D4868-E042-49C7-B8DD-2DAB244E6E97}.Release|Any CPU.ActiveCfg = Release|Any CPU
		{AD5D4868-E042-49C7-B8DD-2DAB244E6E97}.Release|Any CPU.Build.0 = Release|Any CPU
		{F0FAD31A-7A88-4ECE-B0C6-0C4F873DCB6A}.Debug|Any CPU.ActiveCfg = Debug|Any CPU
		{F0FAD31A-7A88-4ECE-B0C6-0C4F873DCB6A}.Debug|Any CPU.Build.0 = Debug|Any CPU
		{F0FAD31A-7A88-4ECE-B0C6-0C4F873DCB6A}.Release|Any CPU.ActiveCfg = Release|Any CPU
		{F0FAD31A-7A88-4ECE-B0C6-0C4F873DCB6A}.Release|Any CPU.Build.0 = Release|Any CPU
		{103E31C5-96A7-4903-AD6D-E1030486406E}.Debug|Any CPU.ActiveCfg = Debug|Any CPU
		{103E31C5-96A7-4903-AD6D-E1030486406E}.Debug|Any CPU.Build.0 = Debug|Any CPU
		{103E31C5-96A7-4903-AD6D-E1030486406E}.Release|Any CPU.ActiveCfg = Release|Any CPU
		{103E31C5-96A7-4903-AD6D-E1030486406E}.Release|Any CPU.Build.0 = Release|Any CPU
		{EB006E27-ABD2-4A5A-B08C-BFB2403C1272}.Debug|Any CPU.ActiveCfg = Debug|Any CPU
		{EB006E27-ABD2-4A5A-B08C-BFB2403C1272}.Debug|Any CPU.Build.0 = Debug|Any CPU
		{EB006E27-ABD2-4A5A-B08C-BFB2403C1272}.Release|Any CPU.ActiveCfg = Release|Any CPU
		{EB006E27-ABD2-4A5A-B08C-BFB2403C1272}.Release|Any CPU.Build.0 = Release|Any CPU
	EndGlobalSection
	GlobalSection(SolutionProperties) = preSolution
		HideSolutionNode = FALSE
	EndGlobalSection
	GlobalSection(NestedProjects) = preSolution
		{57ECC2E0-B282-4537-A5C5-A0E1704CB567} = {9BB47B81-C7CA-453D-9F39-AFCB956AD9F0}
		{38D28C24-E300-4DC3-BFC4-015664DD7AE7} = {57ECC2E0-B282-4537-A5C5-A0E1704CB567}
		{E65EE546-2AB9-4D96-AD4E-6302810EE182} = {38D28C24-E300-4DC3-BFC4-015664DD7AE7}
		{EF2F7599-278E-454F-B905-2E1E4EAEC3B0} = {38D28C24-E300-4DC3-BFC4-015664DD7AE7}
		{D406F96A-B713-4219-8606-5A60089C4976} = {38D28C24-E300-4DC3-BFC4-015664DD7AE7}
		{11120EEC-AC80-4B97-B312-1FE17BC64DD9} = {38D28C24-E300-4DC3-BFC4-015664DD7AE7}
		{1EE1D0F8-1704-4610-A330-636E04F9A8A5} = {38D28C24-E300-4DC3-BFC4-015664DD7AE7}
		{800D3909-EE5F-496A-8042-0C0283066C4F} = {38D28C24-E300-4DC3-BFC4-015664DD7AE7}
		{4E39492C-2904-47DA-A55C-F3428FA01ADB} = {E65EE546-2AB9-4D96-AD4E-6302810EE182}
		{A43A52C0-9AAB-4E33-81F9-E8BF2D769253} = {E65EE546-2AB9-4D96-AD4E-6302810EE182}
		{773D423E-8F27-404B-A0C3-ABF5C3219361} = {EF2F7599-278E-454F-B905-2E1E4EAEC3B0}
		{AD5D4868-E042-49C7-B8DD-2DAB244E6E97} = {D406F96A-B713-4219-8606-5A60089C4976}
		{F0FAD31A-7A88-4ECE-B0C6-0C4F873DCB6A} = {11120EEC-AC80-4B97-B312-1FE17BC64DD9}
		{103E31C5-96A7-4903-AD6D-E1030486406E} = {1EE1D0F8-1704-4610-A330-636E04F9A8A5}
		{EB006E27-ABD2-4A5A-B08C-BFB2403C1272} = {1EE1D0F8-1704-4610-A330-636E04F9A8A5}
	EndGlobalSection
	GlobalSection(ExtensibilityGlobals) = postSolution
		SolutionGuid = {6E1ABDAC-3476-4D54-9AFD-9AEE40136AF3}
	EndGlobalSection
EndGlobal
